
Microsoft Visual Studio Solution File, Format Version 12.00
# Visual Studio Version 16
VisualStudioVersion = 16.0.30907.101
MinimumVisualStudioVersion = 10.0.40219.1
Project("{2150E333-8FDC-42A3-9474-1A3956D46DE8}") = "src", "src", "{44B1997E-2052-4A82-842A-6ABF7BB9676C}"
EndProject
Project("{9A19103F-16F7-4668-BE54-9A1E7A4F7556}") = "MET.Api.Integration", "MET.Api.Integration\MET.Api.Integration.csproj", "{5527B90F-E481-4726-9704-5421771B9677}"
EndProject
Project("{9A19103F-16F7-4668-BE54-9A1E7A4F7556}") = "Met.Api.Integration.Tests", "Met.Api.Integration.Tests\Met.Api.Integration.Tests.csproj", "{4F0DB9A1-6137-4183-9C0D-BE73D8C02AAD}"
	ProjectSection(ProjectDependencies) = postProject
		{5527B90F-E481-4726-9704-5421771B9677} = {5527B90F-E481-4726-9704-5421771B9677}
	EndProjectSection
EndProject
Global
	GlobalSection(SolutionConfigurationPlatforms) = preSolution
		Debug|Any CPU = Debug|Any CPU
		Release|Any CPU = Release|Any CPU
	EndGlobalSection
	GlobalSection(ProjectConfigurationPlatforms) = postSolution
		{5527B90F-E481-4726-9704-5421771B9677}.Debug|Any CPU.ActiveCfg = Debug|Any CPU
		{5527B90F-E481-4726-9704-5421771B9677}.Debug|Any CPU.Build.0 = Debug|Any CPU
		{5527B90F-E481-4726-9704-5421771B9677}.Release|Any CPU.ActiveCfg = Release|Any CPU
		{5527B90F-E481-4726-9704-5421771B9677}.Release|Any CPU.Build.0 = Release|Any CPU
		{4F0DB9A1-6137-4183-9C0D-BE73D8C02AAD}.Debug|Any CPU.ActiveCfg = Debug|Any CPU
		{4F0DB9A1-6137-4183-9C0D-BE73D8C02AAD}.Debug|Any CPU.Build.0 = Debug|Any CPU
		{4F0DB9A1-6137-4183-9C0D-BE73D8C02AAD}.Release|Any CPU.ActiveCfg = Release|Any CPU
		{4F0DB9A1-6137-4183-9C0D-BE73D8C02AAD}.Release|Any CPU.Build.0 = Release|Any CPU
	EndGlobalSection
	GlobalSection(SolutionProperties) = preSolution
		HideSolutionNode = FALSE
	EndGlobalSection
	GlobalSection(NestedProjects) = preSolution
		{5527B90F-E481-4726-9704-5421771B9677} = {44B1997E-2052-4A82-842A-6ABF7BB9676C}
		{4F0DB9A1-6137-4183-9C0D-BE73D8C02AAD} = {44B1997E-2052-4A82-842A-6ABF7BB9676C}
	EndGlobalSection
	GlobalSection(ExtensibilityGlobals) = postSolution
		SolutionGuid = {A1A8F70B-2198-4269-95CC-C032D1638448}
	EndGlobalSection
EndGlobal
